
Microsoft Visual Studio Solution File, Format Version 12.00
# Visual Studio Version 17
VisualStudioVersion = 17.2.32616.157
MinimumVisualStudioVersion = 10.0.40219.1
Project("{FAE04EC0-301F-11D3-BF4B-00C04F79EFBC}") = "Robin", "Robin.csproj", "{81098043-01A2-4914-B3A2-1953AE86A22D}"
EndProject
Global
	GlobalSection(SolutionConfigurationPlatforms) = preSolution
		Debug|Any CPU = Debug|Any CPU
		Release|Any CPU = Release|Any CPU
	EndGlobalSection
	GlobalSection(ProjectConfigurationPlatforms) = postSolution
		{81098043-01A2-4914-B3A2-1953AE86A22D}.Debug|Any CPU.ActiveCfg = Debug|Any CPU
		{81098043-01A2-4914-B3A2-1953AE86A22D}.Debug|Any CPU.Build.0 = Debug|Any CPU
		{81098043-01A2-4914-B3A2-1953AE86A22D}.Release|Any CPU.ActiveCfg = Release|Any CPU
		{81098043-01A2-4914-B3A2-1953AE86A22D}.Release|Any CPU.Build.0 = Release|Any CPU
	EndGlobalSection
	GlobalSection(SolutionProperties) = preSolution
		HideSolutionNode = FALSE
	EndGlobalSection
	GlobalSection(ExtensibilityGlobals) = postSolution
		SolutionGuid = {4F77738A-ECE6-457F-AD47-BF0613193434}
	EndGlobalSection
EndGlobal
